# Exact linux-64 toolchain used by the validated DREAMPlace install.
@EXPLICIT
https://conda.anaconda.org/conda-forge/linux-64/_openmp_mutex-4.5-20_gnu.conda#a9f577daf3de00bca7c3c76c0ecbd1de
https://conda.anaconda.org/conda-forge/linux-64/binutils_impl_linux-64-2.40-ha1999f0_7.conda#3f840c7ed70a96b5ebde8044b2f36f32
https://conda.anaconda.org/conda-forge/linux-64/binutils_linux-64-2.40-hb3c18ed_4.conda#19286994c03c5207a70c7cfabe294570
https://conda.anaconda.org/conda-forge/linux-64/bison-3.8.2-h59595ed_0.conda#ac931227dce83e3303cfe3e606e87fa8
https://conda.anaconda.org/conda-forge/linux-64/boost-1.85.0-h9cebb41_4.conda#68dd68516831e81d16c8df8a15486db0
https://conda.anaconda.org/conda-forge/linux-64/bzip2-1.0.8-hda65f42_9.conda#d2ffd7602c02f2b316fd921d39876885
https://conda.anaconda.org/conda-forge/linux-64/c-ares-1.34.6-hb03c661_0.conda#920bb03579f15389b9e512095ad995b7
https://conda.anaconda.org/conda-forge/noarch/ca-certificates-2026.5.20-hbd8a1cb_0.conda#489b8e97e666c93f68fdb35c3c9b957f
https://conda.anaconda.org/conda-forge/linux-64/cmake-3.27.9-hcfe8598_0.conda#6348d63963b05416c3d2e87462e0b9f8
https://conda.anaconda.org/conda-forge/linux-64/cuda-cccl-12.1.109-ha770c72_0.conda#9109ee5fb247fb556700261fe67b8775
https://conda.anaconda.org/conda-forge/linux-64/cuda-cccl-impl-2.0.1-ha770c72_1.conda#47240c22fafb0784861376083eb7c802
https://conda.anaconda.org/conda-forge/noarch/cuda-cccl_linux-64-12.1.109-ha770c72_0.conda#d640e026b9bddf5341a053cbf38aad7d
https://conda.anaconda.org/conda-forge/linux-64/cuda-cudart-12.1.105-hd3aeb46_0.conda#e2ab3aeff4d18c82b3e7025a2ec3cecc
https://conda.anaconda.org/conda-forge/linux-64/cuda-cudart-dev-12.1.105-hd3aeb46_0.conda#ba2ee80dc44b4de42041a874b5ab85cf
https://conda.anaconda.org/conda-forge/noarch/cuda-cudart-dev_linux-64-12.1.105-h59595ed_0.conda#62288e4d8c7ae6794a7989d62529e067
https://conda.anaconda.org/conda-forge/linux-64/cuda-cudart-static-12.1.105-hd3aeb46_0.conda#29e15ce1da487d2b68c24bad00a35cf9
https://conda.anaconda.org/conda-forge/noarch/cuda-cudart-static_linux-64-12.1.105-h59595ed_0.conda#37e192a1d033171e9a5830075825eb5f
https://conda.anaconda.org/conda-forge/noarch/cuda-cudart_linux-64-12.1.105-h59595ed_0.conda#f8229a887df2311217d1528cc205073b
https://conda.anaconda.org/conda-forge/linux-64/cuda-driver-dev-12.1.105-hd3aeb46_0.conda#578428d046e59baac4d0c53191c645f1
https://conda.anaconda.org/conda-forge/noarch/cuda-driver-dev_linux-64-12.1.105-h59595ed_0.conda#14705fb9080b1cdbbd11a3015182c8a1
https://conda.anaconda.org/conda-forge/linux-64/cuda-libraries-dev-12.1.1-ha770c72_0.conda#c2ab9706a77792aa3304b6ac3df8d887
https://conda.anaconda.org/conda-forge/linux-64/cuda-nvcc-12.1.105-hcdd1206_1.conda#4da089f48a6141a54555d04fe7132eb3
https://conda.anaconda.org/conda-forge/noarch/cuda-nvcc-dev_linux-64-12.1.105-ha770c72_0.conda#27af6bf4fbbeb2741d5b4014a5d4e646
https://conda.anaconda.org/conda-forge/linux-64/cuda-nvcc-impl-12.1.105-hd3aeb46_0.conda#8733d7dd59832272692334332e224629
https://conda.anaconda.org/conda-forge/linux-64/cuda-nvcc-tools-12.1.105-hd3aeb46_0.conda#0dd0033a775adab7d8ffc559e0a5f826
https://conda.anaconda.org/conda-forge/linux-64/cuda-nvcc_linux-64-12.1.105-h8a487aa_1.conda#beb9bac3f724944ca9cb2137fca23d00
https://conda.anaconda.org/conda-forge/linux-64/cuda-nvrtc-12.1.105-hd3aeb46_0.conda#361041b17b31f25e60ac43127f52bd3a
https://conda.anaconda.org/conda-forge/linux-64/cuda-nvrtc-dev-12.1.105-hd3aeb46_0.conda#61656359894dc7a53687a2c79598cb72
https://conda.anaconda.org/conda-forge/linux-64/cuda-opencl-12.1.105-h59595ed_0.conda#f2589b459bbf72de590aea9383a2568a
https://conda.anaconda.org/conda-forge/linux-64/cuda-opencl-dev-12.1.105-h59595ed_0.conda#e14556d67000f7c22bef809ca5fb9bcf
https://conda.anaconda.org/conda-forge/linux-64/cuda-profiler-api-12.1.105-ha770c72_0.conda#c7a6ffb7849e9e5a3471f60c576fe598
https://conda.anaconda.org/conda-forge/noarch/cuda-version-12.1-h1d6eff3_3.conda#913018efd4acd03c48f15cb60d2bbf97
https://conda.anaconda.org/conda-forge/linux-64/flex-2.6.4-h58526e2_1004.tar.bz2#b1029ec81c7e0969e84a8179d039a9ce
https://conda.anaconda.org/conda-forge/linux-64/gcc_impl_linux-64-11.4.0-h00c12a0_13.conda#84a8282b1e54ec4db2855069a917680d
https://conda.anaconda.org/conda-forge/linux-64/gcc_linux-64-11.4.0-ha077dfb_4.conda#4486720bf24fecb4a21ab3840433411f
https://conda.anaconda.org/conda-forge/linux-64/gxx_impl_linux-64-11.4.0-h634f3ee_13.conda#aa66d62e50aba20923e0c0121145fcbf
https://conda.anaconda.org/conda-forge/linux-64/gxx_linux-64-11.4.0-h35bfe5d_4.conda#a3b2fe00ce0def24b147d08db9ac0bde
https://conda.anaconda.org/conda-forge/linux-64/icu-75.1-he02047a_0.conda#8b189310083baabfb622af68fd9d3ae3
https://conda.anaconda.org/conda-forge/noarch/kernel-headers_linux-64-3.10.0-he073ed8_18.conda#ad8527bf134a90e1c9ed35fa0b64318c
https://conda.anaconda.org/conda-forge/linux-64/keyutils-1.6.3-hb9d3cd8_0.conda#b38117a3c920364aff79f870c984b4a3
https://conda.anaconda.org/conda-forge/linux-64/krb5-1.22.2-ha1258a1_0.conda#fb53fb07ce46a575c5d004bbc96032c2
https://conda.anaconda.org/conda-forge/linux-64/ld_impl_linux-64-2.40-hf3520f5_7.conda#b80f2f396ca2c28b8c14c437a4ed1e74
https://conda.anaconda.org/conda-forge/linux-64/libblas-3.11.0-8_h4a7cf45_openblas.conda#00fc660ab1b2f5ca07e92b4900d10c79
https://conda.anaconda.org/conda-forge/linux-64/libboost-1.85.0-h0ccab89_4.conda#4da1690badd566fc1041f91cd5655727
https://conda.anaconda.org/conda-forge/linux-64/libboost-devel-1.85.0-h00ab1b0_4.conda#ded76b8670cb505006c891c4d45844a5
https://conda.anaconda.org/conda-forge/linux-64/libboost-headers-1.85.0-ha770c72_4.conda#00e4848983222729ccb7c69f1039f4b9
https://conda.anaconda.org/conda-forge/linux-64/libboost-python-1.85.0-py312hf74af30_4.conda#c06a2a2b1a453c3c3339c9b6c5c369a4
https://conda.anaconda.org/conda-forge/linux-64/libboost-python-devel-1.85.0-py312h9cebb41_4.conda#5b4599df75dfe0ab0840d4564dad3715
https://conda.anaconda.org/conda-forge/linux-64/libcblas-3.11.0-8_h0358290_openblas.conda#33a413f1095f8325e5c30fde3b0d2445
https://conda.anaconda.org/conda-forge/linux-64/libcublas-12.1.3.1-hd3aeb46_0.conda#f22233f4a267fd99d22ff1660cbe7f28
https://conda.anaconda.org/conda-forge/linux-64/libcublas-dev-12.1.3.1-hd3aeb46_0.conda#1daff8f7615fd785839967250fa9607e
https://conda.anaconda.org/conda-forge/linux-64/libcufft-11.0.2.54-hd3aeb46_0.conda#b3dca788a85cf02c4760e5c671d8b699
https://conda.anaconda.org/conda-forge/linux-64/libcufft-dev-11.0.2.54-hd3aeb46_0.conda#3be2d81c099552d3802083a741466c83
https://conda.anaconda.org/conda-forge/linux-64/libcufile-1.6.1.9-hd3aeb46_0.conda#9a58d214028c01750eaa2cd07386150d
https://conda.anaconda.org/conda-forge/linux-64/libcufile-dev-1.6.1.9-hd3aeb46_0.conda#c15eddb34679667b9e8a0b7fe61f38a5
https://conda.anaconda.org/conda-forge/linux-64/libcurand-10.3.2.106-hd3aeb46_0.conda#1bd892b578e3bfb7fb482c943ed3d904
https://conda.anaconda.org/conda-forge/linux-64/libcurand-dev-10.3.2.106-hd3aeb46_0.conda#1c62f5ddc2f8cb754e52d13d77d77f52
https://conda.anaconda.org/conda-forge/linux-64/libcurl-8.20.0-hcf29cc6_0.conda#c3cc2864f82a944bc90a7beb4d3b0e88
https://conda.anaconda.org/conda-forge/linux-64/libcusolver-11.4.5.107-hd3aeb46_0.conda#7cf47173f3ca096a76974423a56b2162
https://conda.anaconda.org/conda-forge/linux-64/libcusolver-dev-11.4.5.107-hd3aeb46_0.conda#58055ad95a9f20f3e658b5857f7843af
https://conda.anaconda.org/conda-forge/linux-64/libcusparse-12.1.0.106-hd3aeb46_0.conda#2294d4ff402737062b96a6d7b76ef952
https://conda.anaconda.org/conda-forge/linux-64/libcusparse-dev-12.1.0.106-hd3aeb46_0.conda#f160e2cdd9d31d4d3cf8d3bc914ce317
https://conda.anaconda.org/conda-forge/linux-64/libedit-3.1.20250104-pl5321h7949ede_0.conda#c277e0a4d549b03ac1e9d6cbbe3d017b
https://conda.anaconda.org/conda-forge/linux-64/libev-4.33-hd590300_2.conda#172bf1cd1ff8629f2b1179945ed45055
https://conda.anaconda.org/conda-forge/linux-64/libexpat-2.8.1-hecca717_0.conda#93764a5ca80616e9c10106cdaec92f74
https://conda.anaconda.org/conda-forge/linux-64/libffi-3.5.2-h3435931_0.conda#a360c33a5abe61c07959e449fa1453eb
https://conda.anaconda.org/conda-forge/linux-64/libgcc-15.2.0-he0feb66_19.conda#57736f29cc2b0ec0b6c2952d3f101b6a
https://conda.anaconda.org/conda-forge/noarch/libgcc-devel_linux-64-11.4.0-h8f596e0_113.conda#8e1973bcc2b9405e80ed0cad1b9bd607
https://conda.anaconda.org/conda-forge/linux-64/libgcc-ng-15.2.0-h69a702a_19.conda#331ee9b72b9dff570d56b1302c5ab37d
https://conda.anaconda.org/conda-forge/linux-64/libgfortran-15.2.0-h69a702a_19.conda#42bf7eca1a951735fa06c0e3c0d5c8e6
https://conda.anaconda.org/conda-forge/linux-64/libgfortran5-15.2.0-h68bc16d_19.conda#85072b0ad177c966294f129b7c04a2d5
https://conda.anaconda.org/conda-forge/linux-64/libgomp-15.2.0-he0feb66_19.conda#faac990cb7aedc7f3a2224f2c9b0c26c
https://conda.anaconda.org/conda-forge/linux-64/liblapack-3.11.0-8_h47877c9_openblas.conda#809be8ba8712c77bc7d44c2d99390dc4
https://conda.anaconda.org/conda-forge/linux-64/liblzma-5.8.3-hb03c661_0.conda#b88d90cad08e6bc8ad540cb310a761fb
https://conda.anaconda.org/conda-forge/linux-64/liblzma-devel-5.8.3-hb03c661_0.conda#55c20edec8e90c4703787acaade60808
https://conda.anaconda.org/conda-forge/linux-64/libnghttp2-1.68.1-h877daf1_0.conda#2a45e7f8af083626f009645a6481f12d
https://conda.anaconda.org/conda-forge/linux-64/libnpp-12.1.0.40-hd3aeb46_0.conda#ebcaa49eef2042d5156d52867843e9ed
https://conda.anaconda.org/conda-forge/linux-64/libnpp-dev-12.1.0.40-hd3aeb46_0.conda#71e5c49efd4f5fa9cb30f8e82cefa8b1
https://conda.anaconda.org/conda-forge/linux-64/libnsl-2.0.1-hb9d3cd8_1.conda#d864d34357c3b65a4b731f78c0801dc4
https://conda.anaconda.org/conda-forge/linux-64/libnvjitlink-12.1.105-hd3aeb46_0.conda#ed70b41cca6446cab43b0069bf17bd9c
https://conda.anaconda.org/conda-forge/linux-64/libnvjitlink-dev-12.1.105-hd3aeb46_0.conda#bcfc4b26f152ceea67dbdeee02aaaf77
https://conda.anaconda.org/conda-forge/linux-64/libnvjpeg-12.2.0.2-h59595ed_0.conda#5150cbcabcfad17c1278b79daab7858f
https://conda.anaconda.org/conda-forge/linux-64/libnvjpeg-dev-12.2.0.2-ha770c72_0.conda#2314358145128e1192b3b57cd635e567
https://conda.anaconda.org/conda-forge/linux-64/libopenblas-0.3.33-pthreads_h94d23a6_0.conda#2d3278b721e40468295ca755c3b84070
https://conda.anaconda.org/conda-forge/linux-64/libsanitizer-11.4.0-h5763a12_13.conda#2c5415ef0640355a2154ebdd8494dc05
https://conda.anaconda.org/conda-forge/linux-64/libsqlite-3.53.1-h0c1763c_0.conda#7dc38adcbf71e6b38748e919e16e0dce
https://conda.anaconda.org/conda-forge/linux-64/libssh2-1.11.1-hcf80075_0.conda#eecce068c7e4eddeb169591baac20ac4
https://conda.anaconda.org/conda-forge/linux-64/libstdcxx-15.2.0-h934c35e_19.conda#5794b3bdc38177caf969dabd3af08549
https://conda.anaconda.org/conda-forge/noarch/libstdcxx-devel_linux-64-11.4.0-h8f596e0_113.conda#511cb3d827a35d3030d42679d286a7cd
https://conda.anaconda.org/conda-forge/linux-64/libstdcxx-ng-15.2.0-hdf11a46_19.conda#e5ce228e579726c07255dbf90dc62101
https://conda.anaconda.org/conda-forge/linux-64/libuuid-2.42.1-h5347b49_0.conda#7d0a66598195ef00b6efc55aefc7453b
https://conda.anaconda.org/conda-forge/linux-64/libuv-1.52.1-h280c20c_0.conda#4e33d49bf4fc853855a3b00643aa5484
https://conda.anaconda.org/conda-forge/linux-64/libxcrypt-4.4.36-hd590300_1.conda#5aa797f8787fe7a17d1b0821485b5adc
https://conda.anaconda.org/conda-forge/linux-64/libzlib-1.3.2-h25fd6f3_2.conda#d87ff7921124eccd67248aa483c23fec
https://conda.anaconda.org/conda-forge/linux-64/m4-1.4.21-hb03c661_0.conda#2c0696bb8251b054469ef84cc8953294
https://conda.anaconda.org/conda-forge/linux-64/make-4.4.1-hb9d3cd8_2.conda#33405d2a66b1411db9f7242c8b97c9e7
https://conda.anaconda.org/conda-forge/linux-64/ncurses-6.6-hdb14827_0.conda#fc21868a1a5aacc937e7a18747acb8a5
https://conda.anaconda.org/conda-forge/linux-64/numpy-2.4.6-py312h33ff503_0.conda#6e31d55ee1110fda83b4f4045f4d73ff
https://conda.anaconda.org/conda-forge/linux-64/ocl-icd-2.3.3-hb9d3cd8_0.conda#56f8947aa9d5cf37b0b3d43b83f34192
https://conda.anaconda.org/conda-forge/linux-64/opencl-headers-2025.06.13-hecca717_0.conda#c930c8052d780caa41216af7de472226
https://conda.anaconda.org/conda-forge/linux-64/openssl-3.6.2-h35e630c_0.conda#da1b85b6a87e141f5140bb9924cecab0
https://conda.anaconda.org/conda-forge/linux-64/python-3.12.13-hd63d673_0_cpython.conda#7eccb41177e15cc672e1babe9056018e
https://conda.anaconda.org/conda-forge/noarch/python_abi-3.12-8_cp312.conda#c3efd25ac4d74b1584d2f7a57195ddf1
https://conda.anaconda.org/conda-forge/linux-64/readline-8.3-h853b02a_0.conda#d7d95fc8287ea7bf33e0e7116d2b95ec
https://conda.anaconda.org/conda-forge/linux-64/rhash-1.4.6-hb9d3cd8_1.conda#c1c9b02933fdb2cfb791d936c20e887e
https://conda.anaconda.org/conda-forge/noarch/sysroot_linux-64-2.17-h0157908_18.conda#460eba7851277ec1fd80a1a24080787a
https://conda.anaconda.org/conda-forge/linux-64/tk-8.6.13-noxft_h366c992_103.conda#cffd3bdd58090148f4cfcd831f4b26ab
https://conda.anaconda.org/conda-forge/noarch/tzdata-2025c-hc9c84f9_1.conda#ad659d0a2b3e47e38d829aa8cad2d610
https://conda.anaconda.org/conda-forge/linux-64/xz-5.8.3-ha02ee65_0.conda#6a1b6af49a334e4e06b9f103367762bf
https://conda.anaconda.org/conda-forge/linux-64/xz-gpl-tools-5.8.3-ha02ee65_0.conda#8f5e2c6726c1339287a3c76a2c138ac7
https://conda.anaconda.org/conda-forge/linux-64/xz-tools-5.8.3-hb03c661_0.conda#b62b615caa60812640f24db3a8d0fc87
https://conda.anaconda.org/conda-forge/linux-64/zlib-1.3.2-h25fd6f3_2.conda#c2a01a08fc991620a74b32420e97868a
https://conda.anaconda.org/conda-forge/linux-64/zstd-1.5.7-hb78ec9c_6.conda#4a13eeac0b5c8e5b8ab496e6c4ddd829
